
Microsoft Visual Studio Solution File, Format Version 12.00
# Visual Studio 14
VisualStudioVersion = 14.0.25420.1
MinimumVisualStudioVersion = 10.0.40219.1
Project("{FAE04EC0-301F-11D3-BF4B-00C04F79EFBC}") = "xt", "projects\xt\xt.csproj", "{1E14CB11-3424-4235-AF89-E89ED81DB1FD}"
EndProject
Project("{FAE04EC0-301F-11D3-BF4B-00C04F79EFBC}") = "CommonUtils", "projects\CommonUtils\CommonUtils.csproj", "{82AE9A30-C62D-4B4B-8372-A6DB85CAB49E}"
EndProject
Project("{FAE04EC0-301F-11D3-BF4B-00C04F79EFBC}") = "tester", "projects\tester\tester.csproj", "{3895F133-4083-4E1D-9502-C9DD06A2CFA4}"
EndProject
Project("{FAE04EC0-301F-11D3-BF4B-00C04F79EFBC}") = "test_driver", "projects\tester\driver\test_driver.csproj", "{4C5EC95B-0132-4EAA-8FEC-4522EA2A7759}"
EndProject
Project("{FAE04EC0-301F-11D3-BF4B-00C04F79EFBC}") = "NugetTask", "projects\NugetTask\NugetTask.csproj", "{E2AF49EC-5BC0-43B8-8A23-3AC796F46A9F}"
EndProject
Project("{2150E333-8FDC-42A3-9474-1A3956D46DE8}") = "NewFolder1", "NewFolder1", "{300CF1BD-23C8-4FB3-A651-993BABCB4902}"
	ProjectSection(SolutionItems) = preProject
		transform\blah.xslt = transform\blah.xslt
		transform\fixup.xslt = transform\fixup.xslt
		test.nuspec = test.nuspec
	EndProjectSection
EndProject
Project("{FAE04EC0-301F-11D3-BF4B-00C04F79EFBC}") = "read_meta", "read_meta\read_meta.csproj", "{95C2617B-CE50-4733-A2B9-59914D9AB9AA}"
EndProject
Project("{FAE04EC0-301F-11D3-BF4B-00C04F79EFBC}") = "FakeTask", "projects\FakeTask\FakeTask.csproj", "{5132BBA4-30A5-485F-9A56-79C717E6EF4D}"
EndProject
Project("{2150E333-8FDC-42A3-9474-1A3956D46DE8}") = "MSBuild", "MSBuild", "{EB89F0DC-6749-4E62-ACA9-4D98D257FA9B}"
	ProjectSection(SolutionItems) = preProject
		MSBuild\Colt.MSBuild.tasks = MSBuild\Colt.MSBuild.tasks
	EndProjectSection
EndProject
Global
	GlobalSection(SolutionConfigurationPlatforms) = preSolution
		Debug|x86 = Debug|x86
		Release|x86 = Release|x86
	EndGlobalSection
	GlobalSection(ProjectConfigurationPlatforms) = postSolution
		{1E14CB11-3424-4235-AF89-E89ED81DB1FD}.Debug|x86.ActiveCfg = Debug|x86
		{1E14CB11-3424-4235-AF89-E89ED81DB1FD}.Debug|x86.Build.0 = Debug|x86
		{1E14CB11-3424-4235-AF89-E89ED81DB1FD}.Release|x86.ActiveCfg = Release|x86
		{1E14CB11-3424-4235-AF89-E89ED81DB1FD}.Release|x86.Build.0 = Release|x86
		{82AE9A30-C62D-4B4B-8372-A6DB85CAB49E}.Debug|x86.ActiveCfg = Debug|x86
		{82AE9A30-C62D-4B4B-8372-A6DB85CAB49E}.Debug|x86.Build.0 = Debug|x86
		{82AE9A30-C62D-4B4B-8372-A6DB85CAB49E}.Release|x86.ActiveCfg = Release|x86
		{82AE9A30-C62D-4B4B-8372-A6DB85CAB49E}.Release|x86.Build.0 = Release|x86
		{3895F133-4083-4E1D-9502-C9DD06A2CFA4}.Debug|x86.ActiveCfg = Debug|x86
		{3895F133-4083-4E1D-9502-C9DD06A2CFA4}.Release|x86.ActiveCfg = Release|x86
		{3895F133-4083-4E1D-9502-C9DD06A2CFA4}.Release|x86.Build.0 = Release|x86
		{4C5EC95B-0132-4EAA-8FEC-4522EA2A7759}.Debug|x86.ActiveCfg = Debug|x86
		{4C5EC95B-0132-4EAA-8FEC-4522EA2A7759}.Release|x86.ActiveCfg = Release|x86
		{4C5EC95B-0132-4EAA-8FEC-4522EA2A7759}.Release|x86.Build.0 = Release|x86
		{E2AF49EC-5BC0-43B8-8A23-3AC796F46A9F}.Debug|x86.ActiveCfg = Debug|x86
		{E2AF49EC-5BC0-43B8-8A23-3AC796F46A9F}.Debug|x86.Build.0 = Debug|x86
		{E2AF49EC-5BC0-43B8-8A23-3AC796F46A9F}.Release|x86.ActiveCfg = Release|x86
		{E2AF49EC-5BC0-43B8-8A23-3AC796F46A9F}.Release|x86.Build.0 = Release|x86
		{95C2617B-CE50-4733-A2B9-59914D9AB9AA}.Debug|x86.ActiveCfg = Debug|x86
		{95C2617B-CE50-4733-A2B9-59914D9AB9AA}.Release|x86.ActiveCfg = Release|x86
		{95C2617B-CE50-4733-A2B9-59914D9AB9AA}.Release|x86.Build.0 = Release|x86
		{5132BBA4-30A5-485F-9A56-79C717E6EF4D}.Debug|x86.ActiveCfg = Debug|x86
		{5132BBA4-30A5-485F-9A56-79C717E6EF4D}.Release|x86.ActiveCfg = Release|x86
		{5132BBA4-30A5-485F-9A56-79C717E6EF4D}.Release|x86.Build.0 = Release|x86
	EndGlobalSection
	GlobalSection(SolutionProperties) = preSolution
		HideSolutionNode = FALSE
	EndGlobalSection
EndGlobal
